
Microsoft Visual Studio Solution File, Format Version 12.00
# Visual Studio Version 17
VisualStudioVersion = 17.4.33122.133
MinimumVisualStudioVersion = 10.0.40219.1
Project("{FAE04EC0-301F-11D3-BF4B-00C04F79EFBC}") = "SendTeamsStatusToMQTT", "SendTeamsStatusToMQTT\SendTeamsStatusToMQTT.csproj", "{9BEE4340-547B-4BA9-A239-914786ED62FD}"
EndProject
Global
	GlobalSection(SolutionConfigurationPlatforms) = preSolution
		Debug|Any CPU = Debug|Any CPU
		Release|Any CPU = Release|Any CPU
	EndGlobalSection
	GlobalSection(ProjectConfigurationPlatforms) = postSolution
		{9BEE4340-547B-4BA9-A239-914786ED62FD}.Debug|Any CPU.ActiveCfg = Debug|Any CPU
		{9BEE4340-547B-4BA9-A239-914786ED62FD}.Debug|Any CPU.Build.0 = Debug|Any CPU
		{9BEE4340-547B-4BA9-A239-914786ED62FD}.Release|Any CPU.ActiveCfg = Release|Any CPU
		{9BEE4340-547B-4BA9-A239-914786ED62FD}.Release|Any CPU.Build.0 = Release|Any CPU
	EndGlobalSection
	GlobalSection(SolutionProperties) = preSolution
		HideSolutionNode = FALSE
	EndGlobalSection
	GlobalSection(ExtensibilityGlobals) = postSolution
		SolutionGuid = {A7EEC0B3-F4C1-4BF7-B5ED-507410DB8708}
	EndGlobalSection
EndGlobal
